
Microsoft Visual Studio Solution File, Format Version 12.00
# Visual Studio Version 17
VisualStudioVersion = 17.9.34728.123
MinimumVisualStudioVersion = 10.0.40219.1
Project("{9A19103F-16F7-4668-BE54-9A1E7A4F7556}") = "WebsiteSOFIA32005", "Website\WebsiteSOFIA32005.csproj", "{254E3AE8-1AB9-46D5-8775-ECB82C0DD28E}"
EndProject
Global
	GlobalSection(SolutionConfigurationPlatforms) = preSolution
		Debug|Any CPU = Debug|Any CPU
		Release|Any CPU = Release|Any CPU
	EndGlobalSection
	GlobalSection(ProjectConfigurationPlatforms) = postSolution
		{254E3AE8-1AB9-46D5-8775-ECB82C0DD28E}.Debug|Any CPU.ActiveCfg = Debug|Any CPU
		{254E3AE8-1AB9-46D5-8775-ECB82C0DD28E}.Debug|Any CPU.Build.0 = Debug|Any CPU
		{254E3AE8-1AB9-46D5-8775-ECB82C0DD28E}.Release|Any CPU.ActiveCfg = Release|Any CPU
		{254E3AE8-1AB9-46D5-8775-ECB82C0DD28E}.Release|Any CPU.Build.0 = Release|Any CPU
	EndGlobalSection
	GlobalSection(SolutionProperties) = preSolution
		HideSolutionNode = FALSE
	EndGlobalSection
	GlobalSection(ExtensibilityGlobals) = postSolution
		SolutionGuid = {F42923A2-3E7C-4717-BB77-DB865FE3A55A}
	EndGlobalSection
EndGlobal
